
Microsoft Visual Studio Solution File, Format Version 12.00
# Visual Studio Version 17
VisualStudioVersion = 17.1.32319.34
MinimumVisualStudioVersion = 10.0.40219.1
Project("{FAE04EC0-301F-11D3-BF4B-00C04F79EFBC}") = "Guia 11 - GRAFOS", "Guia 11 - GRAFOS.csproj", "{ADF67E88-6309-4A0E-A8A5-10A8E5981EFF}"
EndProject
Global
	GlobalSection(SolutionConfigurationPlatforms) = preSolution
		Debug|Any CPU = Debug|Any CPU
		Release|Any CPU = Release|Any CPU
	EndGlobalSection
	GlobalSection(ProjectConfigurationPlatforms) = postSolution
		{ADF67E88-6309-4A0E-A8A5-10A8E5981EFF}.Debug|Any CPU.ActiveCfg = Debug|Any CPU
		{ADF67E88-6309-4A0E-A8A5-10A8E5981EFF}.Debug|Any CPU.Build.0 = Debug|Any CPU
		{ADF67E88-6309-4A0E-A8A5-10A8E5981EFF}.Release|Any CPU.ActiveCfg = Release|Any CPU
		{ADF67E88-6309-4A0E-A8A5-10A8E5981EFF}.Release|Any CPU.Build.0 = Release|Any CPU
	EndGlobalSection
	GlobalSection(SolutionProperties) = preSolution
		HideSolutionNode = FALSE
	EndGlobalSection
	GlobalSection(ExtensibilityGlobals) = postSolution
		SolutionGuid = {94712DB7-73B6-4CCF-816E-3014DEB68758}
	EndGlobalSection
EndGlobal
